
Microsoft Visual Studio Solution File, Format Version 12.00
# Visual Studio Version 16
VisualStudioVersion = 16.0.30907.101
MinimumVisualStudioVersion = 10.0.40219.1
Project("{9A19103F-16F7-4668-BE54-9A1E7A4F7556}") = "FormulaEvaluator", "FormulaEvaluator\FormulaEvaluator.csproj", "{57639588-9B92-4302-876F-D9775BDF1515}"
EndProject
Project("{9A19103F-16F7-4668-BE54-9A1E7A4F7556}") = "FormulaEvaluatorTester", "FormulaEvaluatorTester\FormulaEvaluatorTester.csproj", "{E10071C5-DA3A-4B9A-8446-BB4EFC89E386}"
EndProject
Project("{9A19103F-16F7-4668-BE54-9A1E7A4F7556}") = "DependencyGraph", "DependencyGraph\DependencyGraph.csproj", "{1F251DA5-EA49-47EA-8410-E0CD31829703}"
EndProject
Project("{9A19103F-16F7-4668-BE54-9A1E7A4F7556}") = "DependencyGraphTests", "DependencyGraphTests\DependencyGraphTests.csproj", "{6D1F1DCA-6607-4A2C-9FD9-8D83E833F925}"
	ProjectSection(ProjectDependencies) = postProject
		{1F251DA5-EA49-47EA-8410-E0CD31829703} = {1F251DA5-EA49-47EA-8410-E0CD31829703}
	EndProjectSection
EndProject
Project("{FAE04EC0-301F-11D3-BF4B-00C04F79EFBC}") = "Formula", "Formula\Formula.csproj", "{91A02E6F-04B0-4BBD-A62F-649D2CB31C8E}"
EndProject
Global
	GlobalSection(SolutionConfigurationPlatforms) = preSolution
		Debug|Any CPU = Debug|Any CPU
		Release|Any CPU = Release|Any CPU
	EndGlobalSection
	GlobalSection(ProjectConfigurationPlatforms) = postSolution
		{57639588-9B92-4302-876F-D9775BDF1515}.Debug|Any CPU.ActiveCfg = Debug|Any CPU
		{57639588-9B92-4302-876F-D9775BDF1515}.Debug|Any CPU.Build.0 = Debug|Any CPU
		{57639588-9B92-4302-876F-D9775BDF1515}.Release|Any CPU.ActiveCfg = Release|Any CPU
		{57639588-9B92-4302-876F-D9775BDF1515}.Release|Any CPU.Build.0 = Release|Any CPU
		{E10071C5-DA3A-4B9A-8446-BB4EFC89E386}.Debug|Any CPU.ActiveCfg = Debug|Any CPU
		{E10071C5-DA3A-4B9A-8446-BB4EFC89E386}.Debug|Any CPU.Build.0 = Debug|Any CPU
		{E10071C5-DA3A-4B9A-8446-BB4EFC89E386}.Release|Any CPU.ActiveCfg = Release|Any CPU
		{E10071C5-DA3A-4B9A-8446-BB4EFC89E386}.Release|Any CPU.Build.0 = Release|Any CPU
		{1F251DA5-EA49-47EA-8410-E0CD31829703}.Debug|Any CPU.ActiveCfg = Debug|Any CPU
		{1F251DA5-EA49-47EA-8410-E0CD31829703}.Debug|Any CPU.Build.0 = Debug|Any CPU
		{1F251DA5-EA49-47EA-8410-E0CD31829703}.Release|Any CPU.ActiveCfg = Release|Any CPU
		{1F251DA5-EA49-47EA-8410-E0CD31829703}.Release|Any CPU.Build.0 = Release|Any CPU
		{6D1F1DCA-6607-4A2C-9FD9-8D83E833F925}.Debug|Any CPU.ActiveCfg = Debug|Any CPU
		{6D1F1DCA-6607-4A2C-9FD9-8D83E833F925}.Debug|Any CPU.Build.0 = Debug|Any CPU
		{6D1F1DCA-6607-4A2C-9FD9-8D83E833F925}.Release|Any CPU.ActiveCfg = Release|Any CPU
		{6D1F1DCA-6607-4A2C-9FD9-8D83E833F925}.Release|Any CPU.Build.0 = Release|Any CPU
		{91A02E6F-04B0-4BBD-A62F-649D2CB31C8E}.Debug|Any CPU.ActiveCfg = Debug|Any CPU
		{91A02E6F-04B0-4BBD-A62F-649D2CB31C8E}.Debug|Any CPU.Build.0 = Debug|Any CPU
		{91A02E6F-04B0-4BBD-A62F-649D2CB31C8E}.Release|Any CPU.ActiveCfg = Release|Any CPU
		{91A02E6F-04B0-4BBD-A62F-649D2CB31C8E}.Release|Any CPU.Build.0 = Release|Any CPU
	EndGlobalSection
	GlobalSection(SolutionProperties) = preSolution
		HideSolutionNode = FALSE
	EndGlobalSection
	GlobalSection(ExtensibilityGlobals) = postSolution
		SolutionGuid = {6847172E-F04B-4D58-9DA1-971FADF66CC0}
	EndGlobalSection
EndGlobal
